
Microsoft Visual Studio Solution File, Format Version 12.00
# Visual Studio 15
VisualStudioVersion = 15.0.28307.168
MinimumVisualStudioVersion = 10.0.40219.1
Project("{9A19103F-16F7-4668-BE54-9A1E7A4F7556}") = "MarsRoverAPITest", "MarsRoverAPITest\MarsRoverAPITest.csproj", "{A27B9CB3-65B8-45AF-BC82-3FF5B8D15CDE}"
EndProject
Project("{9A19103F-16F7-4668-BE54-9A1E7A4F7556}") = "MarsRoverService", "MarsRoverService\MarsRoverService.csproj", "{AF68BC60-C84A-4B0D-B227-72A2C5BCC7EC}"
EndProject
Project("{FAE04EC0-301F-11D3-BF4B-00C04F79EFBC}") = "MarsRover.WEB", "MarsRover.WEB\MarsRover.WEB.csproj", "{1735DF7C-E672-4B98-8280-06CB92438680}"
EndProject
Global
	GlobalSection(SolutionConfigurationPlatforms) = preSolution
		Debug|Any CPU = Debug|Any CPU
		Release|Any CPU = Release|Any CPU
	EndGlobalSection
	GlobalSection(ProjectConfigurationPlatforms) = postSolution
		{A27B9CB3-65B8-45AF-BC82-3FF5B8D15CDE}.Debug|Any CPU.ActiveCfg = Debug|Any CPU
		{A27B9CB3-65B8-45AF-BC82-3FF5B8D15CDE}.Debug|Any CPU.Build.0 = Debug|Any CPU
		{A27B9CB3-65B8-45AF-BC82-3FF5B8D15CDE}.Release|Any CPU.ActiveCfg = Release|Any CPU
		{A27B9CB3-65B8-45AF-BC82-3FF5B8D15CDE}.Release|Any CPU.Build.0 = Release|Any CPU
		{AF68BC60-C84A-4B0D-B227-72A2C5BCC7EC}.Debug|Any CPU.ActiveCfg = Debug|Any CPU
		{AF68BC60-C84A-4B0D-B227-72A2C5BCC7EC}.Debug|Any CPU.Build.0 = Debug|Any CPU
		{AF68BC60-C84A-4B0D-B227-72A2C5BCC7EC}.Release|Any CPU.ActiveCfg = Release|Any CPU
		{AF68BC60-C84A-4B0D-B227-72A2C5BCC7EC}.Release|Any CPU.Build.0 = Release|Any CPU
		{1735DF7C-E672-4B98-8280-06CB92438680}.Debug|Any CPU.ActiveCfg = Debug|Any CPU
		{1735DF7C-E672-4B98-8280-06CB92438680}.Debug|Any CPU.Build.0 = Debug|Any CPU
		{1735DF7C-E672-4B98-8280-06CB92438680}.Release|Any CPU.ActiveCfg = Release|Any CPU
		{1735DF7C-E672-4B98-8280-06CB92438680}.Release|Any CPU.Build.0 = Release|Any CPU
	EndGlobalSection
	GlobalSection(SolutionProperties) = preSolution
		HideSolutionNode = FALSE
	EndGlobalSection
	GlobalSection(ExtensibilityGlobals) = postSolution
		SolutionGuid = {41A73C03-ED36-446A-806D-EE6446467864}
	EndGlobalSection
EndGlobal
